
Microsoft Visual Studio Solution File, Format Version 12.00
# Visual Studio 15
VisualStudioVersion = 15.0.26124.0
MinimumVisualStudioVersion = 15.0.26124.0
Project("{FAE04EC0-301F-11D3-BF4B-00C04F79EFBC}") = "API", "API\API.csproj", "{291CC609-57B4-4B42-AE74-68E9164E5E27}"
EndProject
Project("{FAE04EC0-301F-11D3-BF4B-00C04F79EFBC}") = "Core", "Core\Core.csproj", "{06042C63-97C6-4837-8D67-D0E3A17758AE}"
EndProject
Project("{FAE04EC0-301F-11D3-BF4B-00C04F79EFBC}") = "Infrastructure", "Infrastructure\Infrastructure.csproj", "{58C3C5B7-7F16-452E-A59E-80AABDABCE6E}"
EndProject
Global
	GlobalSection(SolutionConfigurationPlatforms) = preSolution
		Debug|Any CPU = Debug|Any CPU
		Debug|x64 = Debug|x64
		Debug|x86 = Debug|x86
		Release|Any CPU = Release|Any CPU
		Release|x64 = Release|x64
		Release|x86 = Release|x86
	EndGlobalSection
	GlobalSection(SolutionProperties) = preSolution
		HideSolutionNode = FALSE
	EndGlobalSection
	GlobalSection(ProjectConfigurationPlatforms) = postSolution
		{291CC609-57B4-4B42-AE74-68E9164E5E27}.Debug|Any CPU.ActiveCfg = Debug|Any CPU
		{291CC609-57B4-4B42-AE74-68E9164E5E27}.Debug|Any CPU.Build.0 = Debug|Any CPU
		{291CC609-57B4-4B42-AE74-68E9164E5E27}.Debug|x64.ActiveCfg = Debug|Any CPU
		{291CC609-57B4-4B42-AE74-68E9164E5E27}.Debug|x64.Build.0 = Debug|Any CPU
		{291CC609-57B4-4B42-AE74-68E9164E5E27}.Debug|x86.ActiveCfg = Debug|Any CPU
		{291CC609-57B4-4B42-AE74-68E9164E5E27}.Debug|x86.Build.0 = Debug|Any CPU
		{291CC609-57B4-4B42-AE74-68E9164E5E27}.Release|Any CPU.ActiveCfg = Release|Any CPU
		{291CC609-57B4-4B42-AE74-68E9164E5E27}.Release|Any CPU.Build.0 = Release|Any CPU
		{291CC609-57B4-4B42-AE74-68E9164E5E27}.Release|x64.ActiveCfg = Release|Any CPU
		{291CC609-57B4-4B42-AE74-68E9164E5E27}.Release|x64.Build.0 = Release|Any CPU
		{291CC609-57B4-4B42-AE74-68E9164E5E27}.Release|x86.ActiveCfg = Release|Any CPU
		{291CC609-57B4-4B42-AE74-68E9164E5E27}.Release|x86.Build.0 = Release|Any CPU
		{06042C63-97C6-4837-8D67-D0E3A17758AE}.Debug|Any CPU.ActiveCfg = Debug|Any CPU
		{06042C63-97C6-4837-8D67-D0E3A17758AE}.Debug|Any CPU.Build.0 = Debug|Any CPU
		{06042C63-97C6-4837-8D67-D0E3A17758AE}.Debug|x64.ActiveCfg = Debug|Any CPU
		{06042C63-97C6-4837-8D67-D0E3A17758AE}.Debug|x64.Build.0 = Debug|Any CPU
		{06042C63-97C6-4837-8D67-D0E3A17758AE}.Debug|x86.ActiveCfg = Debug|Any CPU
		{06042C63-97C6-4837-8D67-D0E3A17758AE}.Debug|x86.Build.0 = Debug|Any CPU
		{06042C63-97C6-4837-8D67-D0E3A17758AE}.Release|Any CPU.ActiveCfg = Release|Any CPU
		{06042C63-97C6-4837-8D67-D0E3A17758AE}.Release|Any CPU.Build.0 = Release|Any CPU
		{06042C63-97C6-4837-8D67-D0E3A17758AE}.Release|x64.ActiveCfg = Release|Any CPU
		{06042C63-97C6-4837-8D67-D0E3A17758AE}.Release|x64.Build.0 = Release|Any CPU
		{06042C63-97C6-4837-8D67-D0E3A17758AE}.Release|x86.ActiveCfg = Release|Any CPU
		{06042C63-97C6-4837-8D67-D0E3A17758AE}.Release|x86.Build.0 = Release|Any CPU
		{58C3C5B7-7F16-452E-A59E-80AABDABCE6E}.Debug|Any CPU.ActiveCfg = Debug|Any CPU
		{58C3C5B7-7F16-452E-A59E-80AABDABCE6E}.Debug|Any CPU.Build.0 = Debug|Any CPU
		{58C3C5B7-7F16-452E-A59E-80AABDABCE6E}.Debug|x64.ActiveCfg = Debug|Any CPU
		{58C3C5B7-7F16-452E-A59E-80AABDABCE6E}.Debug|x64.Build.0 = Debug|Any CPU
		{58C3C5B7-7F16-452E-A59E-80AABDABCE6E}.Debug|x86.ActiveCfg = Debug|Any CPU
		{58C3C5B7-7F16-452E-A59E-80AABDABCE6E}.Debug|x86.Build.0 = Debug|Any CPU
		{58C3C5B7-7F16-452E-A59E-80AABDABCE6E}.Release|Any CPU.ActiveCfg = Release|Any CPU
		{58C3C5B7-7F16-452E-A59E-80AABDABCE6E}.Release|Any CPU.Build.0 = Release|Any CPU
		{58C3C5B7-7F16-452E-A59E-80AABDABCE6E}.Release|x64.ActiveCfg = Release|Any CPU
		{58C3C5B7-7F16-452E-A59E-80AABDABCE6E}.Release|x64.Build.0 = Release|Any CPU
		{58C3C5B7-7F16-452E-A59E-80AABDABCE6E}.Release|x86.ActiveCfg = Release|Any CPU
		{58C3C5B7-7F16-452E-A59E-80AABDABCE6E}.Release|x86.Build.0 = Release|Any CPU
	EndGlobalSection
EndGlobal
